{
  "lockfile_version": "1",
  "packages": {
    "git@latest": {
      "last_modified": "2024-08-14T11:41:26Z",
      "resolved": "github:NixOS/nixpkgs/0cb2fd7c59fed0cd82ef858cbcbdb552b9a33465#git",
      "source": "devbox-search",
      "version": "2.45.2",
      "systems": {
        "aarch64-darwin": {
          "outputs": [
            {
              "name": "out",
              "path": "/nix/store/0hiwlijxhs9mvigjfsggl5rkr4gpk52q-git-2.45.2",
              "default": true
            },
            {
              "name": "doc",
              "path": "/nix/store/rfzz8cr3hsk7gr35dk7hcbrfyqyxjibn-git-2.45.2-doc"
            }
          ],
          "store_path": "/nix/store/0hiwlijxhs9mvigjfsggl5rkr4gpk52q-git-2.45.2"
        },
        "aarch64-linux": {
          "outputs": [
            {
              "name": "out",
              "path": "/nix/store/psrwvc0d56phgxn35dam0mkl6793ii4m-git-2.45.2",
              "default": true
            },
            {
              "name": "debug",
              "path": "/nix/store/5hhh66s7rvqj321mp6dqshsrh16prycr-git-2.45.2-debug"
            },
            {
              "name": "doc",
              "path": "/nix/store/xymplxcmd2snjikl6z7i45v2mrn1ghbl-git-2.45.2-doc"
            }
          ],
          "store_path": "/nix/store/psrwvc0d56phgxn35dam0mkl6793ii4m-git-2.45.2"
        },
        "x86_64-darwin": {
          "outputs": [
            {
              "name": "out",
              "path": "/nix/store/82ibhj1j82f19d4vwn7z88c9b1zg7xxa-git-2.45.2",
              "default": true
            },
            {
              "name": "doc",
              "path": "/nix/store/z8q4agw3vfj7vlix8ppswrz900i6bsn3-git-2.45.2-doc"
            }
          ],
          "store_path": "/nix/store/82ibhj1j82f19d4vwn7z88c9b1zg7xxa-git-2.45.2"
        },
        "x86_64-linux": {
          "outputs": [
            {
              "name": "out",
              "path": "/nix/store/p45c31p2qhwjy4vf60v2d2mw9bvvpb67-git-2.45.2",
              "default": true
            },
            {
              "name": "debug",
              "path": "/nix/store/avmjkyw7m8qj9ylbziwigahmcyrgyxig-git-2.45.2-debug"
            },
            {
              "name": "doc",
              "path": "/nix/store/qlc68q98b3q3nd7prbdmkmm133vy2bf1-git-2.45.2-doc"
            }
          ],
          "store_path": "/nix/store/p45c31p2qhwjy4vf60v2d2mw9bvvpb67-git-2.45.2"
        }
      }
    },
    "github:NixOS/nixpkgs/nixpkgs-unstable": {
      "last_modified": "2025-04-13T09:22:33Z",
      "resolved": "github:NixOS/nixpkgs/18dd725c29603f582cf1900e0d25f9f1063dbf11?lastModified=1744536153&narHash=sha256-awS2zRgF4uTwrOKwwiJcByDzDOdo3Q1rPZbiHQg%2FN38%3D"
    },
    "hugo@latest": {
      "last_modified": "2024-08-14T11:41:26Z",
      "resolved": "github:NixOS/nixpkgs/0cb2fd7c59fed0cd82ef858cbcbdb552b9a33465#hugo",
      "source": "devbox-search",
      "version": "0.132.1",
      "systems": {
        "aarch64-darwin": {
          "outputs": [
            {
              "name": "out",
              "path": "/nix/store/36hbah17jb3sihy6dxz4xg4rs9rhx0ps-hugo-0.132.1",
              "default": true
            }
          ],
          "store_path": "/nix/store/36hbah17jb3sihy6dxz4xg4rs9rhx0ps-hugo-0.132.1"
        },
        "aarch64-linux": {
          "outputs": [
            {
              "name": "out",
              "path": "/nix/store/5bxdypph3impbvsqypip3j1dw0kk91r2-hugo-0.132.1",
              "default": true
            }
          ],
          "store_path": "/nix/store/5bxdypph3impbvsqypip3j1dw0kk91r2-hugo-0.132.1"
        },
        "x86_64-darwin": {
          "outputs": [
            {
              "name": "out",
              "path": "/nix/store/vl0cs9v4vj45k3hwi750gkdpcmmy9h7y-hugo-0.132.1",
              "default": true
            }
          ],
          "store_path": "/nix/store/vl0cs9v4vj45k3hwi750gkdpcmmy9h7y-hugo-0.132.1"
        },
        "x86_64-linux": {
          "outputs": [
            {
              "name": "out",
              "path": "/nix/store/rjyi1avi3pd8y8fy6pxdr1a1hzsyflhc-hugo-0.132.1",
              "default": true
            }
          ],
          "store_path": "/nix/store/rjyi1avi3pd8y8fy6pxdr1a1hzsyflhc-hugo-0.132.1"
        }
      }
    },
    "less@latest": {
      "last_modified": "2024-08-14T11:41:26Z",
      "resolved": "github:NixOS/nixpkgs/0cb2fd7c59fed0cd82ef858cbcbdb552b9a33465#less",
      "source": "devbox-search",
      "version": "661",
      "systems": {
        "aarch64-darwin": {
          "outputs": [
            {
              "name": "out",
              "path": "/nix/store/jprg2czvy02z67zlz7r3g89m9l96xcj1-less-661",
              "default": true
            },
            {
              "name": "man",
              "path": "/nix/store/rcl5xwskryz2ydcv1bildcqp0qhbrdcp-less-661-man",
              "default": true
            }
          ],
          "store_path": "/nix/store/jprg2czvy02z67zlz7r3g89m9l96xcj1-less-661"
        },
        "aarch64-linux": {
          "outputs": [
            {
              "name": "out",
              "path": "/nix/store/7vw2q5m7qwam9cq5ix0sa81wvpxbv4n4-less-661",
              "default": true
            },
            {
              "name": "man",
              "path": "/nix/store/jj5yk5fksw867y8pchi0d64vz7v0rrgs-less-661-man",
              "default": true
            }
          ],
          "store_path": "/nix/store/7vw2q5m7qwam9cq5ix0sa81wvpxbv4n4-less-661"
        },
        "x86_64-darwin": {
          "outputs": [
            {
              "name": "out",
              "path": "/nix/store/wbzfabi4grgl5dircjhf95crawj5f9xp-less-661",
              "default": true
            },
            {
              "name": "man",
              "path": "/nix/store/3ydhdnyb3icxaxsx282vpzad2pxcr6i5-less-661-man",
              "default": true
            }
          ],
          "store_path": "/nix/store/wbzfabi4grgl5dircjhf95crawj5f9xp-less-661"
        },
        "x86_64-linux": {
          "outputs": [
            {
              "name": "out",
              "path": "/nix/store/1hjy5536gvxs11hkzb13f1mwm2p5zjv6-less-661",
              "default": true
            },
            {
              "name": "man",
              "path": "/nix/store/0rca3is3i18wv1masgm69nv06d1v3wld-less-661-man",
              "default": true
            }
          ],
          "store_path": "/nix/store/1hjy5536gvxs11hkzb13f1mwm2p5zjv6-less-661"
        }
      }
    },
    "openssh@latest": {
      "last_modified": "2024-08-14T11:41:26Z",
      "resolved": "github:NixOS/nixpkgs/0cb2fd7c59fed0cd82ef858cbcbdb552b9a33465#openssh",
      "source": "devbox-search",
      "version": "9.8p1",
      "systems": {
        "aarch64-darwin": {
          "outputs": [
            {
              "name": "out",
              "path": "/nix/store/yizghhxlspvaszsi4mqnm1sijj1wf6s3-openssh-9.8p1",
              "default": true
            }
          ],
          "store_path": "/nix/store/yizghhxlspvaszsi4mqnm1sijj1wf6s3-openssh-9.8p1"
        },
        "aarch64-linux": {
          "outputs": [
            {
              "name": "out",
              "path": "/nix/store/jgvb9mpfyrl0kc1adfx38dsgf8x33w11-openssh-9.8p1",
              "default": true
            }
          ],
          "store_path": "/nix/store/jgvb9mpfyrl0kc1adfx38dsgf8x33w11-openssh-9.8p1"
        },
        "x86_64-darwin": {
          "outputs": [
            {
              "name": "out",
              "path": "/nix/store/h3q7k4lq8bsxpj87768l092yp1lrp0lm-openssh-9.8p1",
              "default": true
            }
          ],
          "store_path": "/nix/store/h3q7k4lq8bsxpj87768l092yp1lrp0lm-openssh-9.8p1"
        },
        "x86_64-linux": {
          "outputs": [
            {
              "name": "out",
              "path": "/nix/store/qsl95d22jgnvd2z6l8lkfwbj1gkvim6p-openssh-9.8p1",
              "default": true
            }
          ],
          "store_path": "/nix/store/qsl95d22jgnvd2z6l8lkfwbj1gkvim6p-openssh-9.8p1"
        }
      }
    },
    "rclone@1.64.2": {
      "last_modified": "2023-11-17T14:14:56Z",
      "resolved": "github:NixOS/nixpkgs/a71323f68d4377d12c04a5410e214495ec598d4c#rclone",
      "source": "devbox-search",
      "version": "1.64.2",
      "systems": {
        "aarch64-darwin": {
          "outputs": [
            {
              "name": "out",
              "path": "/nix/store/grbhskgf8rgzdg477xxlc5bss20rq3ji-rclone-1.64.2",
              "default": true
            },
            {
              "name": "man",
              "path": "/nix/store/m6cp8n5lqlla8qrjalrggqbrx7bbpmmn-rclone-1.64.2-man",
              "default": true
            }
          ],
          "store_path": "/nix/store/grbhskgf8rgzdg477xxlc5bss20rq3ji-rclone-1.64.2"
        },
        "aarch64-linux": {
          "outputs": [
            {
              "name": "out",
              "path": "/nix/store/3ckzmzh8d2hrwn84295r4qj4s8nkd190-rclone-1.64.2",
              "default": true
            },
            {
              "name": "man",
              "path": "/nix/store/gfz6zk10y5b8agh7b3vvfm7wggn5gwmm-rclone-1.64.2-man",
              "default": true
            }
          ],
          "store_path": "/nix/store/3ckzmzh8d2hrwn84295r4qj4s8nkd190-rclone-1.64.2"
        },
        "x86_64-darwin": {
          "outputs": [
            {
              "name": "out",
              "path": "/nix/store/9ymf37zka3kgbz2fs18dlf59rcffymv0-rclone-1.64.2",
              "default": true
            },
            {
              "name": "man",
              "path": "/nix/store/v5z69kx8ymkm78h9lvvy1q9689147sg0-rclone-1.64.2-man",
              "default": true
            }
          ],
          "store_path": "/nix/store/9ymf37zka3kgbz2fs18dlf59rcffymv0-rclone-1.64.2"
        },
        "x86_64-linux": {
          "outputs": [
            {
              "name": "out",
              "path": "/nix/store/s61xmghrjig9l97v5dy5c2gsc4mdihgr-rclone-1.64.2",
              "default": true
            },
            {
              "name": "man",
              "path": "/nix/store/hlbzi115rjbhfd0d9gf0bq206gwlw8bc-rclone-1.64.2-man",
              "default": true
            }
          ],
          "store_path": "/nix/store/s61xmghrjig9l97v5dy5c2gsc4mdihgr-rclone-1.64.2"
        }
      }
    },
    "vim@latest": {
      "last_modified": "2024-08-14T11:41:26Z",
      "resolved": "github:NixOS/nixpkgs/0cb2fd7c59fed0cd82ef858cbcbdb552b9a33465#vim",
      "source": "devbox-search",
      "version": "9.1.0595",
      "systems": {
        "aarch64-darwin": {
          "outputs": [
            {
              "name": "out",
              "path": "/nix/store/s7arni8gjj5b77sw1qv8xpklqazcx9yd-vim-9.1.0595",
              "default": true
            },
            {
              "name": "xxd",
              "path": "/nix/store/6i7lgynna1bk44319xiap4a7ymi9v2fm-vim-9.1.0595-xxd",
              "default": true
            }
          ],
          "store_path": "/nix/store/s7arni8gjj5b77sw1qv8xpklqazcx9yd-vim-9.1.0595"
        },
        "aarch64-linux": {
          "outputs": [
            {
              "name": "out",
              "path": "/nix/store/r1b7bp9bn00mx6zp6nziwhv6c9a9zpl7-vim-9.1.0595",
              "default": true
            },
            {
              "name": "xxd",
              "path": "/nix/store/5hbsr0fzs0qg7kadbccmkd67ib3chs7p-vim-9.1.0595-xxd",
              "default": true
            }
          ],
          "store_path": "/nix/store/r1b7bp9bn00mx6zp6nziwhv6c9a9zpl7-vim-9.1.0595"
        },
        "x86_64-darwin": {
          "outputs": [
            {
              "name": "out",
              "path": "/nix/store/llqzlc672c9ch6a86zvh76gq5v5jnsv1-vim-9.1.0595",
              "default": true
            },
            {
              "name": "xxd",
              "path": "/nix/store/39w4fgmvnqajmn3pw8r0j81zrhpam7n3-vim-9.1.0595-xxd",
              "default": true
            }
          ],
          "store_path": "/nix/store/llqzlc672c9ch6a86zvh76gq5v5jnsv1-vim-9.1.0595"
        },
        "x86_64-linux": {
          "outputs": [
            {
              "name": "out",
              "path": "/nix/store/r2sjxb4zyl5jrb6s9jh78snv0si5h2gy-vim-9.1.0595",
              "default": true
            },
            {
              "name": "xxd",
              "path": "/nix/store/vzbif1ja5r0pscrndhcvfc38y07r33q6-vim-9.1.0595-xxd",
              "default": true
            }
          ],
          "store_path": "/nix/store/r2sjxb4zyl5jrb6s9jh78snv0si5h2gy-vim-9.1.0595"
        }
      }
    }
  }
}
